
Microsoft Visual Studio Solution File, Format Version 12.00
# Visual Studio Version 16
VisualStudioVersion = 16.0.31112.23
MinimumVisualStudioVersion = 10.0.40219.1
Project("{FAE04EC0-301F-11D3-BF4B-00C04F79EFBC}") = "EFCore_DataBaseFirst_Demo", "EFCore_DataBaseFirst_Demo.csproj", "{368E769C-7613-47C2-BEA1-F985230D2739}"
EndProject
Global
	GlobalSection(SolutionConfigurationPlatforms) = preSolution
		Debug|Any CPU = Debug|Any CPU
		Release|Any CPU = Release|Any CPU
	EndGlobalSection
	GlobalSection(ProjectConfigurationPlatforms) = postSolution
		{368E769C-7613-47C2-BEA1-F985230D2739}.Debug|Any CPU.ActiveCfg = Debug|Any CPU
		{368E769C-7613-47C2-BEA1-F985230D2739}.Debug|Any CPU.Build.0 = Debug|Any CPU
		{368E769C-7613-47C2-BEA1-F985230D2739}.Release|Any CPU.ActiveCfg = Release|Any CPU
		{368E769C-7613-47C2-BEA1-F985230D2739}.Release|Any CPU.Build.0 = Release|Any CPU
	EndGlobalSection
	GlobalSection(SolutionProperties) = preSolution
		HideSolutionNode = FALSE
	EndGlobalSection
	GlobalSection(ExtensibilityGlobals) = postSolution
		SolutionGuid = {DD2102BF-82A8-4530-992A-F240B4173848}
	EndGlobalSection
EndGlobal
